
Microsoft Visual Studio Solution File, Format Version 12.00
# Visual Studio Version 17
VisualStudioVersion = 17.0.31903.59
MinimumVisualStudioVersion = 10.0.40219.1
Project("{2150E333-8FDC-42A3-9474-1A3956D46DE8}") = "src", "src", "{105F0066-785B-4883-8D9D-92D57B5B58BC}"
EndProject
Project("{FAE04EC0-301F-11D3-BF4B-00C04F79EFBC}") = "AuctionService", "src\AuctionService\AuctionService.csproj", "{10D747DE-28F6-4B08-B5B3-5C7932792AC4}"
EndProject
Project("{FAE04EC0-301F-11D3-BF4B-00C04F79EFBC}") = "SearchService", "src\SearchService\SearchService.csproj", "{65F27F5B-FC7A-461C-A919-3466A2D4ED68}"
EndProject
Project("{FAE04EC0-301F-11D3-BF4B-00C04F79EFBC}") = "Contracts", "src\Contracts\Contracts.csproj", "{246E6CFA-C400-4BAC-896E-7CCA77659168}"
EndProject
Global
	GlobalSection(SolutionConfigurationPlatforms) = preSolution
		Debug|Any CPU = Debug|Any CPU
		Release|Any CPU = Release|Any CPU
	EndGlobalSection
	GlobalSection(SolutionProperties) = preSolution
		HideSolutionNode = FALSE
	EndGlobalSection
	GlobalSection(ProjectConfigurationPlatforms) = postSolution
		{10D747DE-28F6-4B08-B5B3-5C7932792AC4}.Debug|Any CPU.ActiveCfg = Debug|Any CPU
		{10D747DE-28F6-4B08-B5B3-5C7932792AC4}.Debug|Any CPU.Build.0 = Debug|Any CPU
		{10D747DE-28F6-4B08-B5B3-5C7932792AC4}.Release|Any CPU.ActiveCfg = Release|Any CPU
		{10D747DE-28F6-4B08-B5B3-5C7932792AC4}.Release|Any CPU.Build.0 = Release|Any CPU
		{65F27F5B-FC7A-461C-A919-3466A2D4ED68}.Debug|Any CPU.ActiveCfg = Debug|Any CPU
		{65F27F5B-FC7A-461C-A919-3466A2D4ED68}.Debug|Any CPU.Build.0 = Debug|Any CPU
		{65F27F5B-FC7A-461C-A919-3466A2D4ED68}.Release|Any CPU.ActiveCfg = Release|Any CPU
		{65F27F5B-FC7A-461C-A919-3466A2D4ED68}.Release|Any CPU.Build.0 = Release|Any CPU
		{246E6CFA-C400-4BAC-896E-7CCA77659168}.Debug|Any CPU.ActiveCfg = Debug|Any CPU
		{246E6CFA-C400-4BAC-896E-7CCA77659168}.Debug|Any CPU.Build.0 = Debug|Any CPU
		{246E6CFA-C400-4BAC-896E-7CCA77659168}.Release|Any CPU.ActiveCfg = Release|Any CPU
		{246E6CFA-C400-4BAC-896E-7CCA77659168}.Release|Any CPU.Build.0 = Release|Any CPU
	EndGlobalSection
	GlobalSection(NestedProjects) = preSolution
		{10D747DE-28F6-4B08-B5B3-5C7932792AC4} = {105F0066-785B-4883-8D9D-92D57B5B58BC}
		{65F27F5B-FC7A-461C-A919-3466A2D4ED68} = {105F0066-785B-4883-8D9D-92D57B5B58BC}
		{246E6CFA-C400-4BAC-896E-7CCA77659168} = {105F0066-785B-4883-8D9D-92D57B5B58BC}
	EndGlobalSection
EndGlobal
